
Microsoft Visual Studio Solution File, Format Version 12.00
# Visual Studio Version 17
VisualStudioVersion = 17.4.33205.214
MinimumVisualStudioVersion = 10.0.40219.1
Project("{FAE04EC0-301F-11D3-BF4B-00C04F79EFBC}") = "BookStore1", "BookStore1\BookStore1.csproj", "{EA8EA42F-38D9-4378-9EF0-D89A120B17A6}"
EndProject
Global
	GlobalSection(SolutionConfigurationPlatforms) = preSolution
		Debug|Any CPU = Debug|Any CPU
		Release|Any CPU = Release|Any CPU
	EndGlobalSection
	GlobalSection(ProjectConfigurationPlatforms) = postSolution
		{EA8EA42F-38D9-4378-9EF0-D89A120B17A6}.Debug|Any CPU.ActiveCfg = Debug|Any CPU
		{EA8EA42F-38D9-4378-9EF0-D89A120B17A6}.Debug|Any CPU.Build.0 = Debug|Any CPU
		{EA8EA42F-38D9-4378-9EF0-D89A120B17A6}.Release|Any CPU.ActiveCfg = Release|Any CPU
		{EA8EA42F-38D9-4378-9EF0-D89A120B17A6}.Release|Any CPU.Build.0 = Release|Any CPU
	EndGlobalSection
	GlobalSection(SolutionProperties) = preSolution
		HideSolutionNode = FALSE
	EndGlobalSection
	GlobalSection(ExtensibilityGlobals) = postSolution
		SolutionGuid = {64ED45C0-CA29-4BF0-BDFB-0DBF90EAF2F2}
	EndGlobalSection
EndGlobal
